
Microsoft Visual Studio Solution File, Format Version 12.00
# Visual Studio Version 16
VisualStudioVersion = 16.0.30204.135
MinimumVisualStudioVersion = 10.0.40219.1
Project("{FAE04EC0-301F-11D3-BF4B-00C04F79EFBC}") = "Contact_Manager", "Contact_Manager\Contact_Manager.csproj", "{AE0E275D-F151-46A7-91EF-9533B3C1995F}"
EndProject
Global
	GlobalSection(SolutionConfigurationPlatforms) = preSolution
		Debug|Any CPU = Debug|Any CPU
		Release|Any CPU = Release|Any CPU
	EndGlobalSection
	GlobalSection(ProjectConfigurationPlatforms) = postSolution
		{AE0E275D-F151-46A7-91EF-9533B3C1995F}.Debug|Any CPU.ActiveCfg = Debug|Any CPU
		{AE0E275D-F151-46A7-91EF-9533B3C1995F}.Debug|Any CPU.Build.0 = Debug|Any CPU
		{AE0E275D-F151-46A7-91EF-9533B3C1995F}.Release|Any CPU.ActiveCfg = Release|Any CPU
		{AE0E275D-F151-46A7-91EF-9533B3C1995F}.Release|Any CPU.Build.0 = Release|Any CPU
	EndGlobalSection
	GlobalSection(SolutionProperties) = preSolution
		HideSolutionNode = FALSE
	EndGlobalSection
	GlobalSection(ExtensibilityGlobals) = postSolution
		SolutionGuid = {448D833D-9341-41D7-AAF0-A09FC4870381}
	EndGlobalSection
EndGlobal
